// !$*UTF8*$!
{
	archiveVersion = 1;
	classes = {
	};
	objectVersion = 46;
	objects = {

/* Begin PBXBuildFile section */
		8385E3DA1F5B5D010096980E /* ApplePhysics.m in Sources */ = {isa = PBXBuildFile; fileRef = 8385E3D91F5B5D010096980E /* ApplePhysics.m */; };
		8385E3DB1F5B5D010096980E /* ApplePhysics.h in CopyFiles */ = {isa = PBXBuildFile; fileRef = 8385E3D81F5B5D010096980E /* ApplePhysics.h */; };
/* End PBXBuildFile section */

/* Begin PBXCopyFilesBuildPhase section */
		8385E3D31F5B5D010096980E /* CopyFiles */ = {
			isa = PBXCopyFilesBuildPhase;
			buildActionMask = 2147483647;
			dstPath = "include/$(PRODUCT_NAME)";
			dstSubfolderSpec = 16;
			files = (
				8385E3DB1F5B5D010096980E /* ApplePhysics.h in CopyFiles */,
			);
			runOnlyForDeploymentPostprocessing = 0;
		};
/* End PBXCopyFilesBuildPhase section */

/* Begin PBXFileReference section */
		8385E3D51F5B5D010096980E /* libApplePhysics.a */ = {isa = PBXFileReference; explicitFileType = archive.ar; includeInIndex = 0; path = libApplePhysics.a; sourceTree = BUILT_PRODUCTS_DIR; };
		8385E3D81F5B5D010096980E /* ApplePhysics.h */ = {isa = PBXFileReference; lastKnownFileType = sourcecode.c.h; path = ApplePhysics.h; sourceTree = "<group>"; };
		8385E3D91F5B5D010096980E /* ApplePhysics.m */ = {isa = PBXFileReference; lastKnownFileType = sourcecode.c.objc; path = ApplePhysics.m; sourceTree = "<group>"; };
/* End PBXFileReference section */

/* Begin PBXFrameworksBuildPhase section */
		8385E3D21F5B5D010096980E /* Frameworks */ = {
			isa = PBXFrameworksBuildPhase;
			buildActionMask = 2147483647;
			files = (
			);
			runOnlyForDeploymentPostprocessing = 0;
		};
/* End PBXFrameworksBuildPhase section */

/* Begin PBXGroup section */
		8385E3CC1F5B5D010096980E = {
			isa = PBXGroup;
			children = (
				8385E3D71F5B5D010096980E /* ApplePhysics */,
				8385E3D61F5B5D010096980E /* Products */,
			);
			sourceTree = "<group>";
		};
		8385E3D61F5B5D010096980E /* Products */ = {
			isa = PBXGroup;
			children = (
				8385E3D51F5B5D010096980E /* libApplePhysics.a */,
			);
			name = Products;
			sourceTree = "<group>";
		};
		8385E3D71F5B5D010096980E /* ApplePhysics */ = {
			isa = PBXGroup;
			children = (
				8385E3D81F5B5D010096980E /* ApplePhysics.h */,
				8385E3D91F5B5D010096980E /* ApplePhysics.m */,
			);
			path = ApplePhysics;
			sourceTree = "<group>";
		};
/* End PBXGroup section */

/* Begin PBXNativeTarget section */
		8385E3D41F5B5D010096980E /* ApplePhysics */ = {
			isa = PBXNativeTarget;
			buildConfigurationList = 8385E3DE1F5B5D010096980E /* Build configuration list for PBXNativeTarget "ApplePhysics" */;
			buildPhases = (
				8385E3D11F5B5D010096980E /* Sources */,
				8385E3D21F5B5D010096980E /* Frameworks */,
				8385E3D31F5B5D010096980E /* CopyFiles */,
			);
			buildRules = (
			);
			dependencies = (
			);
			name = ApplePhysics;
			productName = ApplePhysics;
			productReference = 8385E3D51F5B5D010096980E /* libApplePhysics.a */;
			productType = "com.apple.product-type.library.static";
		};
/* End PBXNativeTarget section */

/* Begin PBXProject section */
		8385E3CD1F5B5D010096980E /* Project object */ = {
			isa = PBXProject;
			attributes = {
				LastUpgradeCheck = 0830;
				ORGANIZATIONNAME = "Brian Bosak";
				TargetAttributes = {
					8385E3D41F5B5D010096980E = {
						CreatedOnToolsVersion = 8.3.3;
						DevelopmentTeam = G8GKC6MB78;
						ProvisioningStyle = Automatic;
					};
				};
			};
			buildConfigurationList = 8385E3D01F5B5D010096980E /* Build configuration list for PBXProject "ApplePhysics" */;
			compatibilityVersion = "Xcode 3.2";
			developmentRegion = English;
			hasScannedForEncodings = 0;
			knownRegions = (
				en,
			);
			mainGroup = 8385E3CC1F5B5D010096980E;
			productRefGroup = 8385E3D61F5B5D010096980E /* Products */;
			projectDirPath = "";
			projectRoot = "";
			targets = (
				8385E3D41F5B5D010096980E /* ApplePhysics */,
			);
		};
/* End PBXProject section */

/* Begin PBXSourcesBuildPhase section */
		8385E3D11F5B5D010096980E /* Sources */ = {
			isa = PBXSourcesBuildPhase;
			buildActionMask = 2147483647;
			files = (
				8385E3DA1F5B5D010096980E /* ApplePhysics.m in Sources */,
			);
			runOnlyForDeploymentPostprocessing = 0;
		};
/* End PBXSourcesBuildPhase section */

/* Begin XCBuildConfiguration section */
		8385E3DC1F5B5D010096980E /* Debug */ = {
			isa = XCBuildConfiguration;
			buildSettings = {
				ALWAYS_SEARCH_USER_PATHS = NO;
				CLANG_ANALYZER_NONNULL = YES;
				CLANG_ANALYZER_NUMBER_OBJECT_CONVERSION = YES_AGGRESSIVE;
				CLANG_CXX_LANGUAGE_STANDARD = "gnu++0x";
				CLANG_CXX_LIBRARY = "libc++";
				CLANG_ENABLE_MODULES = YES;
				CLANG_ENABLE_OBJC_ARC = YES;
				CLANG_WARN_BOOL_CONVERSION = YES;
				CLANG_WARN_CONSTANT_CONVERSION = YES;
				CLANG_WARN_DIRECT_OBJC_ISA_USAGE = YES_ERROR;
				CLANG_WARN_DOCUMENTATION_COMMENTS = YES;
				CLANG_WARN_EMPTY_BODY = YES;
				CLANG_WARN_ENUM_CONVERSION = YES;
				CLANG_WARN_INFINITE_RECURSION = YES;
				CLANG_WARN_INT_CONVERSION = YES;
				CLANG_WARN_OBJC_ROOT_CLASS = YES_ERROR;
				CLANG_WARN_SUSPICIOUS_MOVE = YES;
				CLANG_WARN_UNREACHABLE_CODE = YES;
				CLANG_WARN__DUPLICATE_METHOD_MATCH = YES;
				"CODE_SIGN_IDENTITY[sdk=iphoneos*]" = "iPhone Developer";
				COPY_PHASE_STRIP = NO;
				DEBUG_INFORMATION_FORMAT = dwarf;
				ENABLE_STRICT_OBJC_MSGSEND = YES;
				ENABLE_TESTABILITY = YES;
				GCC_C_LANGUAGE_STANDARD = gnu99;
				GCC_DYNAMIC_NO_PIC = NO;
				GCC_NO_COMMON_BLOCKS = YES;
				GCC_OPTIMIZATION_LEVEL = 0;
				GCC_PREPROCESSOR_DEFINITIONS = (
					"DEBUG=1",
					"$(inherited)",
				);
				GCC_WARN_64_TO_32_BIT_CONVERSION = YES;
				GCC_WARN_ABOUT_RETURN_TYPE = YES_ERROR;
				GCC_WARN_UNDECLARED_SELECTOR = YES;
				GCC_WARN_UNINITIALIZED_AUTOS = YES_AGGRESSIVE;
				GCC_WARN_UNUSED_FUNCTION = YES;
				GCC_WARN_UNUSED_VARIABLE = YES;
				IPHONEOS_DEPLOYMENT_TARGET = 10.3;
				MTL_ENABLE_DEBUG_INFO = YES;
				ONLY_ACTIVE_ARCH = YES;
				SDKROOT = iphoneos;
			};
			name = Debug;
		};
		8385E3DD1F5B5D010096980E /* Release */ = {
			isa = XCBuildConfiguration;
			buildSettings = {
				ALWAYS_SEARCH_USER_PATHS = NO;
				CLANG_ANALYZER_NONNULL = YES;
				CLANG_ANALYZER_NUMBER_OBJECT_CONVERSION = YES_AGGRESSIVE;
				CLANG_CXX_LANGUAGE_STANDARD = "gnu++0x";
				CLANG_CXX_LIBRARY = "libc++";
				CLANG_ENABLE_MODULES = YES;
				CLANG_ENABLE_OBJC_ARC = YES;
				CLANG_WARN_BOOL_CONVERSION = YES;
				CLANG_WARN_CONSTANT_CONVERSION = YES;
				CLANG_WARN_DIRECT_OBJC_ISA_USAGE = YES_ERROR;
				CLANG_WARN_DOCUMENTATION_COMMENTS = YES;
				CLANG_WARN_EMPTY_BODY = YES;
				CLANG_WARN_ENUM_CONVERSION = YES;
				CLANG_WARN_INFINITE_RECURSION = YES;
				CLANG_WARN_INT_CONVERSION = YES;
				CLANG_WARN_OBJC_ROOT_CLASS = YES_ERROR;
				CLANG_WARN_SUSPICIOUS_MOVE = YES;
				CLANG_WARN_UNREACHABLE_CODE = YES;
				CLANG_WARN__DUPLICATE_METHOD_MATCH = YES;
				"CODE_SIGN_IDENTITY[sdk=iphoneos*]" = "iPhone Developer";
				COPY_PHASE_STRIP = NO;
				DEBUG_INFORMATION_FORMAT = "dwarf-with-dsym";
				ENABLE_NS_ASSERTIONS = NO;
				ENABLE_STRICT_OBJC_MSGSEND = YES;
				GCC_C_LANGUAGE_STANDARD = gnu99;
				GCC_NO_COMMON_BLOCKS = YES;
				GCC_WARN_64_TO_32_BIT_CONVERSION = YES;
				GCC_WARN_ABOUT_RETURN_TYPE = YES_ERROR;
				GCC_WARN_UNDECLARED_SELECTOR = YES;
				GCC_WARN_UNINITIALIZED_AUTOS = YES_AGGRESSIVE;
				GCC_WARN_UNUSED_FUNCTION = YES;
				GCC_WARN_UNUSED_VARIABLE = YES;
				IPHONEOS_DEPLOYMENT_TARGET = 10.3;
				MTL_ENABLE_DEBUG_INFO = NO;
				SDKROOT = iphoneos;
				VALIDATE_PRODUCT = YES;
			};
			name = Release;
		};
		8385E3DF1F5B5D010096980E /* Debug */ = {
			isa = XCBuildConfiguration;
			buildSettings = {
				DEVELOPMENT_TEAM = G8GKC6MB78;
				OTHER_LDFLAGS = "-ObjC";
				PRODUCT_NAME = "$(TARGET_NAME)";
				SKIP_INSTALL = YES;
			};
			name = Debug;
		};
		8385E3E01F5B5D010096980E /* Release */ = {
			isa = XCBuildConfiguration;
			buildSettings = {
				DEVELOPMENT_TEAM = G8GKC6MB78;
				OTHER_LDFLAGS = "-ObjC";
				PRODUCT_NAME = "$(TARGET_NAME)";
				SKIP_INSTALL = YES;
			};
			name = Release;
		};
/* End XCBuildConfiguration section */

/* Begin XCConfigurationList section */
		8385E3D01F5B5D010096980E /* Build configuration list for PBXProject "ApplePhysics" */ = {
			isa = XCConfigurationList;
			buildConfigurations = (
				8385E3DC1F5B5D010096980E /* Debug */,
				8385E3DD1F5B5D010096980E /* Release */,
			);
			defaultConfigurationIsVisible = 0;
			defaultConfigurationName = Release;
		};
		8385E3DE1F5B5D010096980E /* Build configuration list for PBXNativeTarget "ApplePhysics" */ = {
			isa = XCConfigurationList;
			buildConfigurations = (
				8385E3DF1F5B5D010096980E /* Debug */,
				8385E3E01F5B5D010096980E /* Release */,
			);
			defaultConfigurationIsVisible = 0;
		};
/* End XCConfigurationList section */
	};
	rootObject = 8385E3CD1F5B5D010096980E /* Project object */;
}
