// !$*UTF8*$!
{
	archiveVersion = 1;
	classes = {
	};
	objectVersion = 46;
	objects = {

/* Begin PBXBuildFile section */
		835824181F5C9B91006F239F /* btAlignedAllocator.cpp in Sources */ = {isa = PBXBuildFile; fileRef = 835823EF1F5C9B91006F239F /* btAlignedAllocator.cpp */; };
		835824191F5C9B91006F239F /* btConvexHull.cpp in Sources */ = {isa = PBXBuildFile; fileRef = 835823F21F5C9B91006F239F /* btConvexHull.cpp */; };
		8358241A1F5C9B91006F239F /* btConvexHullComputer.cpp in Sources */ = {isa = PBXBuildFile; fileRef = 835823F41F5C9B91006F239F /* btConvexHullComputer.cpp */; };
		8358241B1F5C9B91006F239F /* btGeometryUtil.cpp in Sources */ = {isa = PBXBuildFile; fileRef = 835823F81F5C9B91006F239F /* btGeometryUtil.cpp */; };
		8358241C1F5C9B91006F239F /* btPolarDecomposition.cpp in Sources */ = {isa = PBXBuildFile; fileRef = 835824021F5C9B91006F239F /* btPolarDecomposition.cpp */; };
		8358241D1F5C9B91006F239F /* btQuickprof.cpp in Sources */ = {isa = PBXBuildFile; fileRef = 835824071F5C9B91006F239F /* btQuickprof.cpp */; };
		8358241E1F5C9B91006F239F /* btSerializer.cpp in Sources */ = {isa = PBXBuildFile; fileRef = 8358240B1F5C9B91006F239F /* btSerializer.cpp */; };
		8358241F1F5C9B91006F239F /* btSerializer64.cpp in Sources */ = {isa = PBXBuildFile; fileRef = 8358240D1F5C9B91006F239F /* btSerializer64.cpp */; };
		835824201F5C9B91006F239F /* btThreads.cpp in Sources */ = {isa = PBXBuildFile; fileRef = 835824101F5C9B91006F239F /* btThreads.cpp */; };
		835824211F5C9B91006F239F /* btVector3.cpp in Sources */ = {isa = PBXBuildFile; fileRef = 835824141F5C9B91006F239F /* btVector3.cpp */; };
		8385E3DA1F5B5D010096980E /* ApplePhysics.m in Sources */ = {isa = PBXBuildFile; fileRef = 8385E3D91F5B5D010096980E /* ApplePhysics.m */; };
		8385E3DB1F5B5D010096980E /* ApplePhysics.h in CopyFiles */ = {isa = PBXBuildFile; fileRef = 8385E3D81F5B5D010096980E /* ApplePhysics.h */; };
/* End PBXBuildFile section */

/* Begin PBXCopyFilesBuildPhase section */
		8385E3D31F5B5D010096980E /* CopyFiles */ = {
			isa = PBXCopyFilesBuildPhase;
			buildActionMask = 2147483647;
			dstPath = "include/$(PRODUCT_NAME)";
			dstSubfolderSpec = 16;
			files = (
				8385E3DB1F5B5D010096980E /* ApplePhysics.h in CopyFiles */,
			);
			runOnlyForDeploymentPostprocessing = 0;
		};
/* End PBXCopyFilesBuildPhase section */

/* Begin PBXFileReference section */
		835823EE1F5C9B91006F239F /* btAabbUtil2.h */ = {isa = PBXFileReference; fileEncoding = 4; lastKnownFileType = sourcecode.c.h; name = btAabbUtil2.h; path = LinearMath/btAabbUtil2.h; sourceTree = "<group>"; };
		835823EF1F5C9B91006F239F /* btAlignedAllocator.cpp */ = {isa = PBXFileReference; fileEncoding = 4; lastKnownFileType = sourcecode.cpp.cpp; name = btAlignedAllocator.cpp; path = LinearMath/btAlignedAllocator.cpp; sourceTree = "<group>"; };
		835823F01F5C9B91006F239F /* btAlignedAllocator.h */ = {isa = PBXFileReference; fileEncoding = 4; lastKnownFileType = sourcecode.c.h; name = btAlignedAllocator.h; path = LinearMath/btAlignedAllocator.h; sourceTree = "<group>"; };
		835823F11F5C9B91006F239F /* btAlignedObjectArray.h */ = {isa = PBXFileReference; fileEncoding = 4; lastKnownFileType = sourcecode.c.h; name = btAlignedObjectArray.h; path = LinearMath/btAlignedObjectArray.h; sourceTree = "<group>"; };
		835823F21F5C9B91006F239F /* btConvexHull.cpp */ = {isa = PBXFileReference; fileEncoding = 4; lastKnownFileType = sourcecode.cpp.cpp; name = btConvexHull.cpp; path = LinearMath/btConvexHull.cpp; sourceTree = "<group>"; };
		835823F31F5C9B91006F239F /* btConvexHull.h */ = {isa = PBXFileReference; fileEncoding = 4; lastKnownFileType = sourcecode.c.h; name = btConvexHull.h; path = LinearMath/btConvexHull.h; sourceTree = "<group>"; };
		835823F41F5C9B91006F239F /* btConvexHullComputer.cpp */ = {isa = PBXFileReference; fileEncoding = 4; lastKnownFileType = sourcecode.cpp.cpp; name = btConvexHullComputer.cpp; path = LinearMath/btConvexHullComputer.cpp; sourceTree = "<group>"; };
		835823F51F5C9B91006F239F /* btConvexHullComputer.h */ = {isa = PBXFileReference; fileEncoding = 4; lastKnownFileType = sourcecode.c.h; name = btConvexHullComputer.h; path = LinearMath/btConvexHullComputer.h; sourceTree = "<group>"; };
		835823F61F5C9B91006F239F /* btCpuFeatureUtility.h */ = {isa = PBXFileReference; fileEncoding = 4; lastKnownFileType = sourcecode.c.h; name = btCpuFeatureUtility.h; path = LinearMath/btCpuFeatureUtility.h; sourceTree = "<group>"; };
		835823F71F5C9B91006F239F /* btDefaultMotionState.h */ = {isa = PBXFileReference; fileEncoding = 4; lastKnownFileType = sourcecode.c.h; name = btDefaultMotionState.h; path = LinearMath/btDefaultMotionState.h; sourceTree = "<group>"; };
		835823F81F5C9B91006F239F /* btGeometryUtil.cpp */ = {isa = PBXFileReference; fileEncoding = 4; lastKnownFileType = sourcecode.cpp.cpp; name = btGeometryUtil.cpp; path = LinearMath/btGeometryUtil.cpp; sourceTree = "<group>"; };
		835823F91F5C9B91006F239F /* btGeometryUtil.h */ = {isa = PBXFileReference; fileEncoding = 4; lastKnownFileType = sourcecode.c.h; name = btGeometryUtil.h; path = LinearMath/btGeometryUtil.h; sourceTree = "<group>"; };
		835823FA1F5C9B91006F239F /* btGrahamScan2dConvexHull.h */ = {isa = PBXFileReference; fileEncoding = 4; lastKnownFileType = sourcecode.c.h; name = btGrahamScan2dConvexHull.h; path = LinearMath/btGrahamScan2dConvexHull.h; sourceTree = "<group>"; };
		835823FB1F5C9B91006F239F /* btHashMap.h */ = {isa = PBXFileReference; fileEncoding = 4; lastKnownFileType = sourcecode.c.h; name = btHashMap.h; path = LinearMath/btHashMap.h; sourceTree = "<group>"; };
		835823FC1F5C9B91006F239F /* btIDebugDraw.h */ = {isa = PBXFileReference; fileEncoding = 4; lastKnownFileType = sourcecode.c.h; name = btIDebugDraw.h; path = LinearMath/btIDebugDraw.h; sourceTree = "<group>"; };
		835823FD1F5C9B91006F239F /* btList.h */ = {isa = PBXFileReference; fileEncoding = 4; lastKnownFileType = sourcecode.c.h; name = btList.h; path = LinearMath/btList.h; sourceTree = "<group>"; };
		835823FE1F5C9B91006F239F /* btMatrix3x3.h */ = {isa = PBXFileReference; fileEncoding = 4; lastKnownFileType = sourcecode.c.h; name = btMatrix3x3.h; path = LinearMath/btMatrix3x3.h; sourceTree = "<group>"; };
		835823FF1F5C9B91006F239F /* btMatrixX.h */ = {isa = PBXFileReference; fileEncoding = 4; lastKnownFileType = sourcecode.c.h; name = btMatrixX.h; path = LinearMath/btMatrixX.h; sourceTree = "<group>"; };
		835824001F5C9B91006F239F /* btMinMax.h */ = {isa = PBXFileReference; fileEncoding = 4; lastKnownFileType = sourcecode.c.h; name = btMinMax.h; path = LinearMath/btMinMax.h; sourceTree = "<group>"; };
		835824011F5C9B91006F239F /* btMotionState.h */ = {isa = PBXFileReference; fileEncoding = 4; lastKnownFileType = sourcecode.c.h; name = btMotionState.h; path = LinearMath/btMotionState.h; sourceTree = "<group>"; };
		835824021F5C9B91006F239F /* btPolarDecomposition.cpp */ = {isa = PBXFileReference; fileEncoding = 4; lastKnownFileType = sourcecode.cpp.cpp; name = btPolarDecomposition.cpp; path = LinearMath/btPolarDecomposition.cpp; sourceTree = "<group>"; };
		835824031F5C9B91006F239F /* btPolarDecomposition.h */ = {isa = PBXFileReference; fileEncoding = 4; lastKnownFileType = sourcecode.c.h; name = btPolarDecomposition.h; path = LinearMath/btPolarDecomposition.h; sourceTree = "<group>"; };
		835824041F5C9B91006F239F /* btPoolAllocator.h */ = {isa = PBXFileReference; fileEncoding = 4; lastKnownFileType = sourcecode.c.h; name = btPoolAllocator.h; path = LinearMath/btPoolAllocator.h; sourceTree = "<group>"; };
		835824051F5C9B91006F239F /* btQuadWord.h */ = {isa = PBXFileReference; fileEncoding = 4; lastKnownFileType = sourcecode.c.h; name = btQuadWord.h; path = LinearMath/btQuadWord.h; sourceTree = "<group>"; };
		835824061F5C9B91006F239F /* btQuaternion.h */ = {isa = PBXFileReference; fileEncoding = 4; lastKnownFileType = sourcecode.c.h; name = btQuaternion.h; path = LinearMath/btQuaternion.h; sourceTree = "<group>"; };
		835824071F5C9B91006F239F /* btQuickprof.cpp */ = {isa = PBXFileReference; fileEncoding = 4; lastKnownFileType = sourcecode.cpp.cpp; name = btQuickprof.cpp; path = LinearMath/btQuickprof.cpp; sourceTree = "<group>"; };
		835824081F5C9B91006F239F /* btQuickprof.h */ = {isa = PBXFileReference; fileEncoding = 4; lastKnownFileType = sourcecode.c.h; name = btQuickprof.h; path = LinearMath/btQuickprof.h; sourceTree = "<group>"; };
		835824091F5C9B91006F239F /* btRandom.h */ = {isa = PBXFileReference; fileEncoding = 4; lastKnownFileType = sourcecode.c.h; name = btRandom.h; path = LinearMath/btRandom.h; sourceTree = "<group>"; };
		8358240A1F5C9B91006F239F /* btScalar.h */ = {isa = PBXFileReference; fileEncoding = 4; lastKnownFileType = sourcecode.c.h; name = btScalar.h; path = LinearMath/btScalar.h; sourceTree = "<group>"; };
		8358240B1F5C9B91006F239F /* btSerializer.cpp */ = {isa = PBXFileReference; fileEncoding = 4; lastKnownFileType = sourcecode.cpp.cpp; name = btSerializer.cpp; path = LinearMath/btSerializer.cpp; sourceTree = "<group>"; };
		8358240C1F5C9B91006F239F /* btSerializer.h */ = {isa = PBXFileReference; fileEncoding = 4; lastKnownFileType = sourcecode.c.h; name = btSerializer.h; path = LinearMath/btSerializer.h; sourceTree = "<group>"; };
		8358240D1F5C9B91006F239F /* btSerializer64.cpp */ = {isa = PBXFileReference; fileEncoding = 4; lastKnownFileType = sourcecode.cpp.cpp; name = btSerializer64.cpp; path = LinearMath/btSerializer64.cpp; sourceTree = "<group>"; };
		8358240E1F5C9B91006F239F /* btSpatialAlgebra.h */ = {isa = PBXFileReference; fileEncoding = 4; lastKnownFileType = sourcecode.c.h; name = btSpatialAlgebra.h; path = LinearMath/btSpatialAlgebra.h; sourceTree = "<group>"; };
		8358240F1F5C9B91006F239F /* btStackAlloc.h */ = {isa = PBXFileReference; fileEncoding = 4; lastKnownFileType = sourcecode.c.h; name = btStackAlloc.h; path = LinearMath/btStackAlloc.h; sourceTree = "<group>"; };
		835824101F5C9B91006F239F /* btThreads.cpp */ = {isa = PBXFileReference; fileEncoding = 4; lastKnownFileType = sourcecode.cpp.cpp; name = btThreads.cpp; path = LinearMath/btThreads.cpp; sourceTree = "<group>"; };
		835824111F5C9B91006F239F /* btThreads.h */ = {isa = PBXFileReference; fileEncoding = 4; lastKnownFileType = sourcecode.c.h; name = btThreads.h; path = LinearMath/btThreads.h; sourceTree = "<group>"; };
		835824121F5C9B91006F239F /* btTransform.h */ = {isa = PBXFileReference; fileEncoding = 4; lastKnownFileType = sourcecode.c.h; name = btTransform.h; path = LinearMath/btTransform.h; sourceTree = "<group>"; };
		835824131F5C9B91006F239F /* btTransformUtil.h */ = {isa = PBXFileReference; fileEncoding = 4; lastKnownFileType = sourcecode.c.h; name = btTransformUtil.h; path = LinearMath/btTransformUtil.h; sourceTree = "<group>"; };
		835824141F5C9B91006F239F /* btVector3.cpp */ = {isa = PBXFileReference; fileEncoding = 4; lastKnownFileType = sourcecode.cpp.cpp; name = btVector3.cpp; path = LinearMath/btVector3.cpp; sourceTree = "<group>"; };
		835824151F5C9B91006F239F /* btVector3.h */ = {isa = PBXFileReference; fileEncoding = 4; lastKnownFileType = sourcecode.c.h; name = btVector3.h; path = LinearMath/btVector3.h; sourceTree = "<group>"; };
		835824161F5C9B91006F239F /* CMakeLists.txt */ = {isa = PBXFileReference; fileEncoding = 4; lastKnownFileType = text; name = CMakeLists.txt; path = LinearMath/CMakeLists.txt; sourceTree = "<group>"; };
		835824171F5C9B91006F239F /* premake4.lua */ = {isa = PBXFileReference; fileEncoding = 4; lastKnownFileType = text; name = premake4.lua; path = LinearMath/premake4.lua; sourceTree = "<group>"; };
		8385E3D51F5B5D010096980E /* libApplePhysics.a */ = {isa = PBXFileReference; explicitFileType = archive.ar; includeInIndex = 0; path = libApplePhysics.a; sourceTree = BUILT_PRODUCTS_DIR; };
		8385E3D81F5B5D010096980E /* ApplePhysics.h */ = {isa = PBXFileReference; lastKnownFileType = sourcecode.c.h; path = ApplePhysics.h; sourceTree = "<group>"; };
		8385E3D91F5B5D010096980E /* ApplePhysics.m */ = {isa = PBXFileReference; lastKnownFileType = sourcecode.c.objc; path = ApplePhysics.m; sourceTree = "<group>"; };
/* End PBXFileReference section */

/* Begin PBXFrameworksBuildPhase section */
		8385E3D21F5B5D010096980E /* Frameworks */ = {
			isa = PBXFrameworksBuildPhase;
			buildActionMask = 2147483647;
			files = (
			);
			runOnlyForDeploymentPostprocessing = 0;
		};
/* End PBXFrameworksBuildPhase section */

/* Begin PBXGroup section */
		8385E3CC1F5B5D010096980E = {
			isa = PBXGroup;
			children = (
				8385E3D71F5B5D010096980E /* ApplePhysics */,
				8385E3D61F5B5D010096980E /* Products */,
			);
			sourceTree = "<group>";
		};
		8385E3D61F5B5D010096980E /* Products */ = {
			isa = PBXGroup;
			children = (
				8385E3D51F5B5D010096980E /* libApplePhysics.a */,
			);
			name = Products;
			sourceTree = "<group>";
		};
		8385E3D71F5B5D010096980E /* ApplePhysics */ = {
			isa = PBXGroup;
			children = (
				835823EE1F5C9B91006F239F /* btAabbUtil2.h */,
				835823EF1F5C9B91006F239F /* btAlignedAllocator.cpp */,
				835823F01F5C9B91006F239F /* btAlignedAllocator.h */,
				835823F11F5C9B91006F239F /* btAlignedObjectArray.h */,
				835823F21F5C9B91006F239F /* btConvexHull.cpp */,
				835823F31F5C9B91006F239F /* btConvexHull.h */,
				835823F41F5C9B91006F239F /* btConvexHullComputer.cpp */,
				835823F51F5C9B91006F239F /* btConvexHullComputer.h */,
				835823F61F5C9B91006F239F /* btCpuFeatureUtility.h */,
				835823F71F5C9B91006F239F /* btDefaultMotionState.h */,
				835823F81F5C9B91006F239F /* btGeometryUtil.cpp */,
				835823F91F5C9B91006F239F /* btGeometryUtil.h */,
				835823FA1F5C9B91006F239F /* btGrahamScan2dConvexHull.h */,
				835823FB1F5C9B91006F239F /* btHashMap.h */,
				835823FC1F5C9B91006F239F /* btIDebugDraw.h */,
				835823FD1F5C9B91006F239F /* btList.h */,
				835823FE1F5C9B91006F239F /* btMatrix3x3.h */,
				835823FF1F5C9B91006F239F /* btMatrixX.h */,
				835824001F5C9B91006F239F /* btMinMax.h */,
				835824011F5C9B91006F239F /* btMotionState.h */,
				835824021F5C9B91006F239F /* btPolarDecomposition.cpp */,
				835824031F5C9B91006F239F /* btPolarDecomposition.h */,
				835824041F5C9B91006F239F /* btPoolAllocator.h */,
				835824051F5C9B91006F239F /* btQuadWord.h */,
				835824061F5C9B91006F239F /* btQuaternion.h */,
				835824071F5C9B91006F239F /* btQuickprof.cpp */,
				835824081F5C9B91006F239F /* btQuickprof.h */,
				835824091F5C9B91006F239F /* btRandom.h */,
				8358240A1F5C9B91006F239F /* btScalar.h */,
				8358240B1F5C9B91006F239F /* btSerializer.cpp */,
				8358240C1F5C9B91006F239F /* btSerializer.h */,
				8358240D1F5C9B91006F239F /* btSerializer64.cpp */,
				8358240E1F5C9B91006F239F /* btSpatialAlgebra.h */,
				8358240F1F5C9B91006F239F /* btStackAlloc.h */,
				835824101F5C9B91006F239F /* btThreads.cpp */,
				835824111F5C9B91006F239F /* btThreads.h */,
				835824121F5C9B91006F239F /* btTransform.h */,
				835824131F5C9B91006F239F /* btTransformUtil.h */,
				835824141F5C9B91006F239F /* btVector3.cpp */,
				835824151F5C9B91006F239F /* btVector3.h */,
				835824161F5C9B91006F239F /* CMakeLists.txt */,
				835824171F5C9B91006F239F /* premake4.lua */,
				8385E3D81F5B5D010096980E /* ApplePhysics.h */,
				8385E3D91F5B5D010096980E /* ApplePhysics.m */,
			);
			path = ApplePhysics;
			sourceTree = "<group>";
		};
/* End PBXGroup section */

/* Begin PBXNativeTarget section */
		8385E3D41F5B5D010096980E /* ApplePhysics */ = {
			isa = PBXNativeTarget;
			buildConfigurationList = 8385E3DE1F5B5D010096980E /* Build configuration list for PBXNativeTarget "ApplePhysics" */;
			buildPhases = (
				8385E3D11F5B5D010096980E /* Sources */,
				8385E3D21F5B5D010096980E /* Frameworks */,
				8385E3D31F5B5D010096980E /* CopyFiles */,
			);
			buildRules = (
			);
			dependencies = (
			);
			name = ApplePhysics;
			productName = ApplePhysics;
			productReference = 8385E3D51F5B5D010096980E /* libApplePhysics.a */;
			productType = "com.apple.product-type.library.static";
		};
/* End PBXNativeTarget section */

/* Begin PBXProject section */
		8385E3CD1F5B5D010096980E /* Project object */ = {
			isa = PBXProject;
			attributes = {
				LastUpgradeCheck = 0830;
				ORGANIZATIONNAME = "Brian Bosak";
				TargetAttributes = {
					8385E3D41F5B5D010096980E = {
						CreatedOnToolsVersion = 8.3.3;
						DevelopmentTeam = G8GKC6MB78;
						ProvisioningStyle = Automatic;
					};
				};
			};
			buildConfigurationList = 8385E3D01F5B5D010096980E /* Build configuration list for PBXProject "ApplePhysics" */;
			compatibilityVersion = "Xcode 3.2";
			developmentRegion = English;
			hasScannedForEncodings = 0;
			knownRegions = (
				en,
			);
			mainGroup = 8385E3CC1F5B5D010096980E;
			productRefGroup = 8385E3D61F5B5D010096980E /* Products */;
			projectDirPath = "";
			projectRoot = "";
			targets = (
				8385E3D41F5B5D010096980E /* ApplePhysics */,
			);
		};
/* End PBXProject section */

/* Begin PBXSourcesBuildPhase section */
		8385E3D11F5B5D010096980E /* Sources */ = {
			isa = PBXSourcesBuildPhase;
			buildActionMask = 2147483647;
			files = (
				8358241D1F5C9B91006F239F /* btQuickprof.cpp in Sources */,
				8358241F1F5C9B91006F239F /* btSerializer64.cpp in Sources */,
				8358241E1F5C9B91006F239F /* btSerializer.cpp in Sources */,
				835824211F5C9B91006F239F /* btVector3.cpp in Sources */,
				835824201F5C9B91006F239F /* btThreads.cpp in Sources */,
				8358241C1F5C9B91006F239F /* btPolarDecomposition.cpp in Sources */,
				835824191F5C9B91006F239F /* btConvexHull.cpp in Sources */,
				835824181F5C9B91006F239F /* btAlignedAllocator.cpp in Sources */,
				8358241A1F5C9B91006F239F /* btConvexHullComputer.cpp in Sources */,
				8385E3DA1F5B5D010096980E /* ApplePhysics.m in Sources */,
				8358241B1F5C9B91006F239F /* btGeometryUtil.cpp in Sources */,
			);
			runOnlyForDeploymentPostprocessing = 0;
		};
/* End PBXSourcesBuildPhase section */

/* Begin XCBuildConfiguration section */
		8385E3DC1F5B5D010096980E /* Debug */ = {
			isa = XCBuildConfiguration;
			buildSettings = {
				ALWAYS_SEARCH_USER_PATHS = NO;
				CLANG_ANALYZER_NONNULL = YES;
				CLANG_ANALYZER_NUMBER_OBJECT_CONVERSION = YES_AGGRESSIVE;
				CLANG_CXX_LANGUAGE_STANDARD = "gnu++0x";
				CLANG_CXX_LIBRARY = "libc++";
				CLANG_ENABLE_MODULES = YES;
				CLANG_ENABLE_OBJC_ARC = YES;
				CLANG_WARN_BOOL_CONVERSION = YES;
				CLANG_WARN_CONSTANT_CONVERSION = YES;
				CLANG_WARN_DIRECT_OBJC_ISA_USAGE = YES_ERROR;
				CLANG_WARN_DOCUMENTATION_COMMENTS = YES;
				CLANG_WARN_EMPTY_BODY = YES;
				CLANG_WARN_ENUM_CONVERSION = YES;
				CLANG_WARN_INFINITE_RECURSION = YES;
				CLANG_WARN_INT_CONVERSION = YES;
				CLANG_WARN_OBJC_ROOT_CLASS = YES_ERROR;
				CLANG_WARN_SUSPICIOUS_MOVE = YES;
				CLANG_WARN_UNREACHABLE_CODE = YES;
				CLANG_WARN__DUPLICATE_METHOD_MATCH = YES;
				"CODE_SIGN_IDENTITY[sdk=iphoneos*]" = "iPhone Developer";
				COPY_PHASE_STRIP = NO;
				DEBUG_INFORMATION_FORMAT = dwarf;
				ENABLE_STRICT_OBJC_MSGSEND = YES;
				ENABLE_TESTABILITY = YES;
				GCC_C_LANGUAGE_STANDARD = gnu99;
				GCC_DYNAMIC_NO_PIC = NO;
				GCC_NO_COMMON_BLOCKS = YES;
				GCC_OPTIMIZATION_LEVEL = 0;
				GCC_PREPROCESSOR_DEFINITIONS = (
					"DEBUG=1",
					"$(inherited)",
				);
				GCC_WARN_64_TO_32_BIT_CONVERSION = YES;
				GCC_WARN_ABOUT_RETURN_TYPE = YES_ERROR;
				GCC_WARN_UNDECLARED_SELECTOR = YES;
				GCC_WARN_UNINITIALIZED_AUTOS = YES_AGGRESSIVE;
				GCC_WARN_UNUSED_FUNCTION = YES;
				GCC_WARN_UNUSED_VARIABLE = YES;
				IPHONEOS_DEPLOYMENT_TARGET = 10.3;
				MTL_ENABLE_DEBUG_INFO = YES;
				ONLY_ACTIVE_ARCH = YES;
				SDKROOT = iphoneos;
			};
			name = Debug;
		};
		8385E3DD1F5B5D010096980E /* Release */ = {
			isa = XCBuildConfiguration;
			buildSettings = {
				ALWAYS_SEARCH_USER_PATHS = NO;
				CLANG_ANALYZER_NONNULL = YES;
				CLANG_ANALYZER_NUMBER_OBJECT_CONVERSION = YES_AGGRESSIVE;
				CLANG_CXX_LANGUAGE_STANDARD = "gnu++0x";
				CLANG_CXX_LIBRARY = "libc++";
				CLANG_ENABLE_MODULES = YES;
				CLANG_ENABLE_OBJC_ARC = YES;
				CLANG_WARN_BOOL_CONVERSION = YES;
				CLANG_WARN_CONSTANT_CONVERSION = YES;
				CLANG_WARN_DIRECT_OBJC_ISA_USAGE = YES_ERROR;
				CLANG_WARN_DOCUMENTATION_COMMENTS = YES;
				CLANG_WARN_EMPTY_BODY = YES;
				CLANG_WARN_ENUM_CONVERSION = YES;
				CLANG_WARN_INFINITE_RECURSION = YES;
				CLANG_WARN_INT_CONVERSION = YES;
				CLANG_WARN_OBJC_ROOT_CLASS = YES_ERROR;
				CLANG_WARN_SUSPICIOUS_MOVE = YES;
				CLANG_WARN_UNREACHABLE_CODE = YES;
				CLANG_WARN__DUPLICATE_METHOD_MATCH = YES;
				"CODE_SIGN_IDENTITY[sdk=iphoneos*]" = "iPhone Developer";
				COPY_PHASE_STRIP = NO;
				DEBUG_INFORMATION_FORMAT = "dwarf-with-dsym";
				ENABLE_NS_ASSERTIONS = NO;
				ENABLE_STRICT_OBJC_MSGSEND = YES;
				GCC_C_LANGUAGE_STANDARD = gnu99;
				GCC_NO_COMMON_BLOCKS = YES;
				GCC_WARN_64_TO_32_BIT_CONVERSION = YES;
				GCC_WARN_ABOUT_RETURN_TYPE = YES_ERROR;
				GCC_WARN_UNDECLARED_SELECTOR = YES;
				GCC_WARN_UNINITIALIZED_AUTOS = YES_AGGRESSIVE;
				GCC_WARN_UNUSED_FUNCTION = YES;
				GCC_WARN_UNUSED_VARIABLE = YES;
				IPHONEOS_DEPLOYMENT_TARGET = 10.3;
				MTL_ENABLE_DEBUG_INFO = NO;
				SDKROOT = iphoneos;
				VALIDATE_PRODUCT = YES;
			};
			name = Release;
		};
		8385E3DF1F5B5D010096980E /* Debug */ = {
			isa = XCBuildConfiguration;
			buildSettings = {
				DEVELOPMENT_TEAM = G8GKC6MB78;
				OTHER_LDFLAGS = "-ObjC";
				PRODUCT_NAME = "$(TARGET_NAME)";
				SKIP_INSTALL = YES;
			};
			name = Debug;
		};
		8385E3E01F5B5D010096980E /* Release */ = {
			isa = XCBuildConfiguration;
			buildSettings = {
				DEVELOPMENT_TEAM = G8GKC6MB78;
				OTHER_LDFLAGS = "-ObjC";
				PRODUCT_NAME = "$(TARGET_NAME)";
				SKIP_INSTALL = YES;
			};
			name = Release;
		};
/* End XCBuildConfiguration section */

/* Begin XCConfigurationList section */
		8385E3D01F5B5D010096980E /* Build configuration list for PBXProject "ApplePhysics" */ = {
			isa = XCConfigurationList;
			buildConfigurations = (
				8385E3DC1F5B5D010096980E /* Debug */,
				8385E3DD1F5B5D010096980E /* Release */,
			);
			defaultConfigurationIsVisible = 0;
			defaultConfigurationName = Release;
		};
		8385E3DE1F5B5D010096980E /* Build configuration list for PBXNativeTarget "ApplePhysics" */ = {
			isa = XCConfigurationList;
			buildConfigurations = (
				8385E3DF1F5B5D010096980E /* Debug */,
				8385E3E01F5B5D010096980E /* Release */,
			);
			defaultConfigurationIsVisible = 0;
			defaultConfigurationName = Release;
		};
/* End XCConfigurationList section */
	};
	rootObject = 8385E3CD1F5B5D010096980E /* Project object */;
}
